
Microsoft Visual Studio Solution File, Format Version 12.00
# Visual Studio Version 17
VisualStudioVersion = 17.4.33122.133
MinimumVisualStudioVersion = 10.0.40219.1
Project("{9A19103F-16F7-4668-BE54-9A1E7A4F7556}") = "My Notebook", "4-5\My Notebook.csproj", "{251BB6F8-4F8F-44D2-A87B-6A1106661948}"
EndProject
Global
	GlobalSection(SolutionConfigurationPlatforms) = preSolution
		Debug|Any CPU = Debug|Any CPU
		Release|Any CPU = Release|Any CPU
	EndGlobalSection
	GlobalSection(ProjectConfigurationPlatforms) = postSolution
		{251BB6F8-4F8F-44D2-A87B-6A1106661948}.Debug|Any CPU.ActiveCfg = Debug|Any CPU
		{251BB6F8-4F8F-44D2-A87B-6A1106661948}.Debug|Any CPU.Build.0 = Debug|Any CPU
		{251BB6F8-4F8F-44D2-A87B-6A1106661948}.Release|Any CPU.ActiveCfg = Release|Any CPU
		{251BB6F8-4F8F-44D2-A87B-6A1106661948}.Release|Any CPU.Build.0 = Release|Any CPU
	EndGlobalSection
	GlobalSection(SolutionProperties) = preSolution
		HideSolutionNode = FALSE
	EndGlobalSection
	GlobalSection(ExtensibilityGlobals) = postSolution
		SolutionGuid = {5EB1DE5A-0CE1-4A36-9D73-AC05B5F894DD}
	EndGlobalSection
EndGlobal
